
Microsoft Visual Studio Solution File, Format Version 12.00
# Visual Studio 15
VisualStudioVersion = 15.0.28307.572
MinimumVisualStudioVersion = 10.0.40219.1
Project("{FAE04EC0-301F-11D3-BF4B-00C04F79EFBC}") = "Picker.Android", "Picker\Picker.Android\Picker.Android.csproj", "{ADD23EFA-CFCF-446D-AF71-39B8EC9CC7FB}"
EndProject
Project("{FAE04EC0-301F-11D3-BF4B-00C04F79EFBC}") = "Picker.iOS", "Picker\Picker.iOS\Picker.iOS.csproj", "{2EC96318-D9D8-48AD-B90E-4A5B531C03B0}"
EndProject
Project("{FAE04EC0-301F-11D3-BF4B-00C04F79EFBC}") = "Picker", "Picker\Picker\Picker.csproj", "{B7CCEC54-8A7F-40EC-B673-B85D40334722}"
EndProject
Global
	GlobalSection(SolutionConfigurationPlatforms) = preSolution
		Ad-Hoc|Any CPU = Ad-Hoc|Any CPU
		Ad-Hoc|iPhone = Ad-Hoc|iPhone
		Ad-Hoc|iPhoneSimulator = Ad-Hoc|iPhoneSimulator
		AppStore|Any CPU = AppStore|Any CPU
		AppStore|iPhone = AppStore|iPhone
		AppStore|iPhoneSimulator = AppStore|iPhoneSimulator
		Debug|Any CPU = Debug|Any CPU
		Debug|iPhone = Debug|iPhone
		Debug|iPhoneSimulator = Debug|iPhoneSimulator
		Release|Any CPU = Release|Any CPU
		Release|iPhone = Release|iPhone
		Release|iPhoneSimulator = Release|iPhoneSimulator
	EndGlobalSection
	GlobalSection(ProjectConfigurationPlatforms) = postSolution
		{ADD23EFA-CFCF-446D-AF71-39B8EC9CC7FB}.Ad-Hoc|Any CPU.ActiveCfg = Release|Any CPU
		{ADD23EFA-CFCF-446D-AF71-39B8EC9CC7FB}.Ad-Hoc|Any CPU.Build.0 = Release|Any CPU
		{ADD23EFA-CFCF-446D-AF71-39B8EC9CC7FB}.Ad-Hoc|Any CPU.Deploy.0 = Release|Any CPU
		{ADD23EFA-CFCF-446D-AF71-39B8EC9CC7FB}.Ad-Hoc|iPhone.ActiveCfg = Release|Any CPU
		{ADD23EFA-CFCF-446D-AF71-39B8EC9CC7FB}.Ad-Hoc|iPhone.Build.0 = Release|Any CPU
		{ADD23EFA-CFCF-446D-AF71-39B8EC9CC7FB}.Ad-Hoc|iPhone.Deploy.0 = Release|Any CPU
		{ADD23EFA-CFCF-446D-AF71-39B8EC9CC7FB}.Ad-Hoc|iPhoneSimulator.ActiveCfg = Release|Any CPU
		{ADD23EFA-CFCF-446D-AF71-39B8EC9CC7FB}.Ad-Hoc|iPhoneSimulator.Build.0 = Release|Any CPU
		{ADD23EFA-CFCF-446D-AF71-39B8EC9CC7FB}.Ad-Hoc|iPhoneSimulator.Deploy.0 = Release|Any CPU
		{ADD23EFA-CFCF-446D-AF71-39B8EC9CC7FB}.AppStore|Any CPU.ActiveCfg = Release|Any CPU
		{ADD23EFA-CFCF-446D-AF71-39B8EC9CC7FB}.AppStore|Any CPU.Build.0 = Release|Any CPU
		{ADD23EFA-CFCF-446D-AF71-39B8EC9CC7FB}.AppStore|Any CPU.Deploy.0 = Release|Any CPU
		{ADD23EFA-CFCF-446D-AF71-39B8EC9CC7FB}.AppStore|iPhone.ActiveCfg = Release|Any CPU
		{ADD23EFA-CFCF-446D-AF71-39B8EC9CC7FB}.AppStore|iPhone.Build.0 = Release|Any CPU
		{ADD23EFA-CFCF-446D-AF71-39B8EC9CC7FB}.AppStore|iPhone.Deploy.0 = Release|Any CPU
		{ADD23EFA-CFCF-446D-AF71-39B8EC9CC7FB}.AppStore|iPhoneSimulator.ActiveCfg = Release|Any CPU
		{ADD23EFA-CFCF-446D-AF71-39B8EC9CC7FB}.AppStore|iPhoneSimulator.Build.0 = Release|Any CPU
		{ADD23EFA-CFCF-446D-AF71-39B8EC9CC7FB}.AppStore|iPhoneSimulator.Deploy.0 = Release|Any CPU
		{ADD23EFA-CFCF-446D-AF71-39B8EC9CC7FB}.Debug|Any CPU.ActiveCfg = Debug|Any CPU
		{ADD23EFA-CFCF-446D-AF71-39B8EC9CC7FB}.Debug|Any CPU.Build.0 = Debug|Any CPU
		{ADD23EFA-CFCF-446D-AF71-39B8EC9CC7FB}.Debug|Any CPU.Deploy.0 = Debug|Any CPU
		{ADD23EFA-CFCF-446D-AF71-39B8EC9CC7FB}.Debug|iPhone.ActiveCfg = Debug|Any CPU
		{ADD23EFA-CFCF-446D-AF71-39B8EC9CC7FB}.Debug|iPhone.Build.0 = Debug|Any CPU
		{ADD23EFA-CFCF-446D-AF71-39B8EC9CC7FB}.Debug|iPhone.Deploy.0 = Debug|Any CPU
		{ADD23EFA-CFCF-446D-AF71-39B8EC9CC7FB}.Debug|iPhoneSimulator.ActiveCfg = Debug|Any CPU
		{ADD23EFA-CFCF-446D-AF71-39B8EC9CC7FB}.Debug|iPhoneSimulator.Build.0 = Debug|Any CPU
		{ADD23EFA-CFCF-446D-AF71-39B8EC9CC7FB}.Debug|iPhoneSimulator.Deploy.0 = Debug|Any CPU
		{ADD23EFA-CFCF-446D-AF71-39B8EC9CC7FB}.Release|Any CPU.ActiveCfg = Release|Any CPU
		{ADD23EFA-CFCF-446D-AF71-39B8EC9CC7FB}.Release|Any CPU.Build.0 = Release|Any CPU
		{ADD23EFA-CFCF-446D-AF71-39B8EC9CC7FB}.Release|Any CPU.Deploy.0 = Release|Any CPU
		{ADD23EFA-CFCF-446D-AF71-39B8EC9CC7FB}.Release|iPhone.ActiveCfg = Release|Any CPU
		{ADD23EFA-CFCF-446D-AF71-39B8EC9CC7FB}.Release|iPhone.Build.0 = Release|Any CPU
		{ADD23EFA-CFCF-446D-AF71-39B8EC9CC7FB}.Release|iPhone.Deploy.0 = Release|Any CPU
		{ADD23EFA-CFCF-446D-AF71-39B8EC9CC7FB}.Release|iPhoneSimulator.ActiveCfg = Release|Any CPU
		{ADD23EFA-CFCF-446D-AF71-39B8EC9CC7FB}.Release|iPhoneSimulator.Build.0 = Release|Any CPU
		{ADD23EFA-CFCF-446D-AF71-39B8EC9CC7FB}.Release|iPhoneSimulator.Deploy.0 = Release|Any CPU
		{2EC96318-D9D8-48AD-B90E-4A5B531C03B0}.Ad-Hoc|Any CPU.ActiveCfg = Ad-Hoc|iPhone
		{2EC96318-D9D8-48AD-B90E-4A5B531C03B0}.Ad-Hoc|Any CPU.Build.0 = Ad-Hoc|iPhone
		{2EC96318-D9D8-48AD-B90E-4A5B531C03B0}.Ad-Hoc|Any CPU.Deploy.0 = Ad-Hoc|iPhone
		{2EC96318-D9D8-48AD-B90E-4A5B531C03B0}.Ad-Hoc|iPhone.ActiveCfg = Ad-Hoc|iPhone
		{2EC96318-D9D8-48AD-B90E-4A5B531C03B0}.Ad-Hoc|iPhone.Build.0 = Ad-Hoc|iPhone
		{2EC96318-D9D8-48AD-B90E-4A5B531C03B0}.Ad-Hoc|iPhone.Deploy.0 = Ad-Hoc|iPhone
		{2EC96318-D9D8-48AD-B90E-4A5B531C03B0}.Ad-Hoc|iPhoneSimulator.ActiveCfg = Ad-Hoc|iPhoneSimulator
		{2EC96318-D9D8-48AD-B90E-4A5B531C03B0}.Ad-Hoc|iPhoneSimulator.Build.0 = Ad-Hoc|iPhoneSimulator
		{2EC96318-D9D8-48AD-B90E-4A5B531C03B0}.Ad-Hoc|iPhoneSimulator.Deploy.0 = Ad-Hoc|iPhoneSimulator
		{2EC96318-D9D8-48AD-B90E-4A5B531C03B0}.AppStore|Any CPU.ActiveCfg = AppStore|iPhone
		{2EC96318-D9D8-48AD-B90E-4A5B531C03B0}.AppStore|Any CPU.Build.0 = AppStore|iPhone
		{2EC96318-D9D8-48AD-B90E-4A5B531C03B0}.AppStore|Any CPU.Deploy.0 = AppStore|iPhone
		{2EC96318-D9D8-48AD-B90E-4A5B531C03B0}.AppStore|iPhone.ActiveCfg = AppStore|iPhone
		{2EC96318-D9D8-48AD-B90E-4A5B531C03B0}.AppStore|iPhone.Build.0 = AppStore|iPhone
		{2EC96318-D9D8-48AD-B90E-4A5B531C03B0}.AppStore|iPhone.Deploy.0 = AppStore|iPhone
		{2EC96318-D9D8-48AD-B90E-4A5B531C03B0}.AppStore|iPhoneSimulator.ActiveCfg = AppStore|iPhoneSimulator
		{2EC96318-D9D8-48AD-B90E-4A5B531C03B0}.AppStore|iPhoneSimulator.Build.0 = AppStore|iPhoneSimulator
		{2EC96318-D9D8-48AD-B90E-4A5B531C03B0}.AppStore|iPhoneSimulator.Deploy.0 = AppStore|iPhoneSimulator
		{2EC96318-D9D8-48AD-B90E-4A5B531C03B0}.Debug|Any CPU.ActiveCfg = Debug|iPhoneSimulator
		{2EC96318-D9D8-48AD-B90E-4A5B531C03B0}.Debug|Any CPU.Build.0 = Debug|iPhoneSimulator
		{2EC96318-D9D8-48AD-B90E-4A5B531C03B0}.Debug|Any CPU.Deploy.0 = Debug|iPhoneSimulator
		{2EC96318-D9D8-48AD-B90E-4A5B531C03B0}.Debug|iPhone.ActiveCfg = Debug|iPhone
		{2EC96318-D9D8-48AD-B90E-4A5B531C03B0}.Debug|iPhone.Build.0 = Debug|iPhone
		{2EC96318-D9D8-48AD-B90E-4A5B531C03B0}.Debug|iPhone.Deploy.0 = Debug|iPhone
		{2EC96318-D9D8-48AD-B90E-4A5B531C03B0}.Debug|iPhoneSimulator.ActiveCfg = Debug|iPhoneSimulator
		{2EC96318-D9D8-48AD-B90E-4A5B531C03B0}.Debug|iPhoneSimulator.Build.0 = Debug|iPhoneSimulator
		{2EC96318-D9D8-48AD-B90E-4A5B531C03B0}.Debug|iPhoneSimulator.Deploy.0 = Debug|iPhoneSimulator
		{2EC96318-D9D8-48AD-B90E-4A5B531C03B0}.Release|Any CPU.ActiveCfg = Release|iPhone
		{2EC96318-D9D8-48AD-B90E-4A5B531C03B0}.Release|Any CPU.Build.0 = Release|iPhone
		{2EC96318-D9D8-48AD-B90E-4A5B531C03B0}.Release|Any CPU.Deploy.0 = Release|iPhone
		{2EC96318-D9D8-48AD-B90E-4A5B531C03B0}.Release|iPhone.ActiveCfg = Release|iPhone
		{2EC96318-D9D8-48AD-B90E-4A5B531C03B0}.Release|iPhone.Build.0 = Release|iPhone
		{2EC96318-D9D8-48AD-B90E-4A5B531C03B0}.Release|iPhone.Deploy.0 = Release|iPhone
		{2EC96318-D9D8-48AD-B90E-4A5B531C03B0}.Release|iPhoneSimulator.ActiveCfg = Release|iPhoneSimulator
		{2EC96318-D9D8-48AD-B90E-4A5B531C03B0}.Release|iPhoneSimulator.Build.0 = Release|iPhoneSimulator
		{2EC96318-D9D8-48AD-B90E-4A5B531C03B0}.Release|iPhoneSimulator.Deploy.0 = Release|iPhoneSimulator
		{B7CCEC54-8A7F-40EC-B673-B85D40334722}.Ad-Hoc|Any CPU.ActiveCfg = Debug|Any CPU
		{B7CCEC54-8A7F-40EC-B673-B85D40334722}.Ad-Hoc|Any CPU.Build.0 = Debug|Any CPU
		{B7CCEC54-8A7F-40EC-B673-B85D40334722}.Ad-Hoc|Any CPU.Deploy.0 = Debug|Any CPU
		{B7CCEC54-8A7F-40EC-B673-B85D40334722}.Ad-Hoc|iPhone.ActiveCfg = Debug|Any CPU
		{B7CCEC54-8A7F-40EC-B673-B85D40334722}.Ad-Hoc|iPhone.Build.0 = Debug|Any CPU
		{B7CCEC54-8A7F-40EC-B673-B85D40334722}.Ad-Hoc|iPhone.Deploy.0 = Debug|Any CPU
		{B7CCEC54-8A7F-40EC-B673-B85D40334722}.Ad-Hoc|iPhoneSimulator.ActiveCfg = Debug|Any CPU
		{B7CCEC54-8A7F-40EC-B673-B85D40334722}.Ad-Hoc|iPhoneSimulator.Build.0 = Debug|Any CPU
		{B7CCEC54-8A7F-40EC-B673-B85D40334722}.Ad-Hoc|iPhoneSimulator.Deploy.0 = Debug|Any CPU
		{B7CCEC54-8A7F-40EC-B673-B85D40334722}.AppStore|Any CPU.ActiveCfg = Debug|Any CPU
		{B7CCEC54-8A7F-40EC-B673-B85D40334722}.AppStore|Any CPU.Build.0 = Debug|Any CPU
		{B7CCEC54-8A7F-40EC-B673-B85D40334722}.AppStore|Any CPU.Deploy.0 = Debug|Any CPU
		{B7CCEC54-8A7F-40EC-B673-B85D40334722}.AppStore|iPhone.ActiveCfg = Debug|Any CPU
		{B7CCEC54-8A7F-40EC-B673-B85D40334722}.AppStore|iPhone.Build.0 = Debug|Any CPU
		{B7CCEC54-8A7F-40EC-B673-B85D40334722}.AppStore|iPhone.Deploy.0 = Debug|Any CPU
		{B7CCEC54-8A7F-40EC-B673-B85D40334722}.AppStore|iPhoneSimulator.ActiveCfg = Debug|Any CPU
		{B7CCEC54-8A7F-40EC-B673-B85D40334722}.AppStore|iPhoneSimulator.Build.0 = Debug|Any CPU
		{B7CCEC54-8A7F-40EC-B673-B85D40334722}.AppStore|iPhoneSimulator.Deploy.0 = Debug|Any CPU
		{B7CCEC54-8A7F-40EC-B673-B85D40334722}.Debug|Any CPU.ActiveCfg = Debug|Any CPU
		{B7CCEC54-8A7F-40EC-B673-B85D40334722}.Debug|Any CPU.Build.0 = Debug|Any CPU
		{B7CCEC54-8A7F-40EC-B673-B85D40334722}.Debug|Any CPU.Deploy.0 = Debug|Any CPU
		{B7CCEC54-8A7F-40EC-B673-B85D40334722}.Debug|iPhone.ActiveCfg = Debug|Any CPU
		{B7CCEC54-8A7F-40EC-B673-B85D40334722}.Debug|iPhone.Build.0 = Debug|Any CPU
		{B7CCEC54-8A7F-40EC-B673-B85D40334722}.Debug|iPhone.Deploy.0 = Debug|Any CPU
		{B7CCEC54-8A7F-40EC-B673-B85D40334722}.Debug|iPhoneSimulator.ActiveCfg = Debug|Any CPU
		{B7CCEC54-8A7F-40EC-B673-B85D40334722}.Debug|iPhoneSimulator.Build.0 = Debug|Any CPU
		{B7CCEC54-8A7F-40EC-B673-B85D40334722}.Debug|iPhoneSimulator.Deploy.0 = Debug|Any CPU
		{B7CCEC54-8A7F-40EC-B673-B85D40334722}.Release|Any CPU.ActiveCfg = Release|Any CPU
		{B7CCEC54-8A7F-40EC-B673-B85D40334722}.Release|Any CPU.Build.0 = Release|Any CPU
		{B7CCEC54-8A7F-40EC-B673-B85D40334722}.Release|Any CPU.Deploy.0 = Release|Any CPU
		{B7CCEC54-8A7F-40EC-B673-B85D40334722}.Release|iPhone.ActiveCfg = Release|Any CPU
		{B7CCEC54-8A7F-40EC-B673-B85D40334722}.Release|iPhone.Build.0 = Release|Any CPU
		{B7CCEC54-8A7F-40EC-B673-B85D40334722}.Release|iPhone.Deploy.0 = Release|Any CPU
		{B7CCEC54-8A7F-40EC-B673-B85D40334722}.Release|iPhoneSimulator.ActiveCfg = Release|Any CPU
		{B7CCEC54-8A7F-40EC-B673-B85D40334722}.Release|iPhoneSimulator.Build.0 = Release|Any CPU
		{B7CCEC54-8A7F-40EC-B673-B85D40334722}.Release|iPhoneSimulator.Deploy.0 = Release|Any CPU
	EndGlobalSection
	GlobalSection(SolutionProperties) = preSolution
		HideSolutionNode = FALSE
	EndGlobalSection
	GlobalSection(ExtensibilityGlobals) = postSolution
		SolutionGuid = {887BB369-F1FD-4E61-8AED-CFC4E0B1305C}
	EndGlobalSection
EndGlobal
